
Microsoft Visual Studio Solution File, Format Version 12.00
# Visual Studio Version 17
VisualStudioVersion = 17.13.35919.96 d17.13
MinimumVisualStudioVersion = 10.0.40219.1
Project("{FAE04EC0-301F-11D3-BF4B-00C04F79EFBC}") = "PanelsExercise-FormApp", "PanelsExercise-FormApp\PanelsExercise-FormApp.csproj", "{ED8A7804-0F78-4200-A707-4E076B63B8D2}"
EndProject
Global
	GlobalSection(SolutionConfigurationPlatforms) = preSolution
		Debug|Any CPU = Debug|Any CPU
		Release|Any CPU = Release|Any CPU
	EndGlobalSection
	GlobalSection(ProjectConfigurationPlatforms) = postSolution
		{ED8A7804-0F78-4200-A707-4E076B63B8D2}.Debug|Any CPU.ActiveCfg = Debug|Any CPU
		{ED8A7804-0F78-4200-A707-4E076B63B8D2}.Debug|Any CPU.Build.0 = Debug|Any CPU
		{ED8A7804-0F78-4200-A707-4E076B63B8D2}.Release|Any CPU.ActiveCfg = Release|Any CPU
		{ED8A7804-0F78-4200-A707-4E076B63B8D2}.Release|Any CPU.Build.0 = Release|Any CPU
	EndGlobalSection
	GlobalSection(SolutionProperties) = preSolution
		HideSolutionNode = FALSE
	EndGlobalSection
	GlobalSection(ExtensibilityGlobals) = postSolution
		SolutionGuid = {B7F8B16C-BE12-4B6F-9386-4F0082D5FCCD}
	EndGlobalSection
EndGlobal
